
Microsoft Visual Studio Solution File, Format Version 12.00
# Visual Studio 2012
Project("{FAE04EC0-301F-11D3-BF4B-00C04F79EFBC}") = "AndroidTest213", "AndroidTest213\AndroidTest213.csproj", "{B63D0750-0B96-49C8-8A37-F8F76EF09E54}"
EndProject
Global
	GlobalSection(SolutionConfigurationPlatforms) = preSolution
		Debug|Any CPU = Debug|Any CPU
		Release|Any CPU = Release|Any CPU
	EndGlobalSection
	GlobalSection(ProjectConfigurationPlatforms) = postSolution
		{B63D0750-0B96-49C8-8A37-F8F76EF09E54}.Debug|Any CPU.ActiveCfg = Debug|Any CPU
		{B63D0750-0B96-49C8-8A37-F8F76EF09E54}.Debug|Any CPU.Build.0 = Debug|Any CPU
		{B63D0750-0B96-49C8-8A37-F8F76EF09E54}.Release|Any CPU.ActiveCfg = Release|Any CPU
		{B63D0750-0B96-49C8-8A37-F8F76EF09E54}.Release|Any CPU.Build.0 = Release|Any CPU
	EndGlobalSection
	GlobalSection(MonoDevelopProperties) = preSolution
		StartupItem = AndroidTest213\AndroidTest213.csproj
	EndGlobalSection
EndGlobal
